
Microsoft Visual Studio Solution File, Format Version 12.00
# Visual Studio Version 17
VisualStudioVersion = 17.10.35027.167
MinimumVisualStudioVersion = 10.0.40219.1
Project("{FAE04EC0-301F-11D3-BF4B-00C04F79EFBC}") = "deneme2", "deneme2\deneme2.csproj", "{D6F5987A-700A-4668-9AB8-E62D914FE08C}"
EndProject
Global
	GlobalSection(SolutionConfigurationPlatforms) = preSolution
		Debug|Any CPU = Debug|Any CPU
		Release|Any CPU = Release|Any CPU
	EndGlobalSection
	GlobalSection(ProjectConfigurationPlatforms) = postSolution
		{D6F5987A-700A-4668-9AB8-E62D914FE08C}.Debug|Any CPU.ActiveCfg = Debug|Any CPU
		{D6F5987A-700A-4668-9AB8-E62D914FE08C}.Debug|Any CPU.Build.0 = Debug|Any CPU
		{D6F5987A-700A-4668-9AB8-E62D914FE08C}.Release|Any CPU.ActiveCfg = Release|Any CPU
		{D6F5987A-700A-4668-9AB8-E62D914FE08C}.Release|Any CPU.Build.0 = Release|Any CPU
	EndGlobalSection
	GlobalSection(SolutionProperties) = preSolution
		HideSolutionNode = FALSE
	EndGlobalSection
	GlobalSection(ExtensibilityGlobals) = postSolution
		SolutionGuid = {E967F979-AF2B-4EBC-B4C8-C0C73A4C58A1}
	EndGlobalSection
EndGlobal
